PODS:
  - Alamofire (5.0.0-rc.3)
  - SDWebImage (5.4.2):
    - SDWebImage/Core (= 5.4.2)
  - SDWebImage/Core (5.4.2)

DEPENDENCIES:
  - Alamofire (~> 5.0.0-rc.2)
  - SDWebImage (~> 5.0)

SPEC REPOS:
  https://github.com/cocoapods/specs.git:
    - Alamofire
    - SDWebImage

SPEC CHECKSUMS:
  Alamofire: ca8c0de6906873be89d6deec5c8de279e00bf872
  SDWebImage: 4ca2dc4eefae4224bea8f504251cda485a363745

PODFILE CHECKSUM: feee0da6b211f35ac37beb6498c882fb9302d25d

COCOAPODS: 1.7.5
