// !$*UTF8*$!
{
	archiveVersion = 1;
	classes = {
	};
	objectVersion = 51;
	objects = {

/* Begin PBXBuildFile section */
		AD1CE7CF23C9CE5E00211DF4 /* AppDelegate.swift in Sources */ = {isa = PBXBuildFile; fileRef = AD1CE7CE23C9CE5E00211DF4 /* AppDelegate.swift */; };
		AD1CE7D123C9CE5E00211DF4 /* ViewController.swift in Sources */ = {isa = PBXBuildFile; fileRef = AD1CE7D023C9CE5E00211DF4 /* ViewController.swift */; };
		AD1CE7D423C9CE5E00211DF4 /* Main.storyboard in Resources */ = {isa = PBXBuildFile; fileRef = AD1CE7D223C9CE5E00211DF4 /* Main.storyboard */; };
		AD1CE7D723C9CE5E00211DF4 /* Article.xcdatamodeld in Sources */ = {isa = PBXBuildFile; fileRef = AD1CE7D523C9CE5E00211DF4 /* Article.xcdatamodeld */; };
		AD1CE7D923C9CE5E00211DF4 /* Assets.xcassets in Resources */ = {isa = PBXBuildFile; fileRef = AD1CE7D823C9CE5E00211DF4 /* Assets.xcassets */; };
		AD1CE7E423C9D65500211DF4 /* NewsListTableViewController.swift in Sources */ = {isa = PBXBuildFile; fileRef = AD1CE7E323C9D65500211DF4 /* NewsListTableViewController.swift */; };
		AD1CE7E623C9D6CE00211DF4 /* NewsTableViewCell.swift in Sources */ = {isa = PBXBuildFile; fileRef = AD1CE7E523C9D6CE00211DF4 /* NewsTableViewCell.swift */; };
		AD1CE7E823C9F92400211DF4 /* NetworkManager.swift in Sources */ = {isa = PBXBuildFile; fileRef = AD1CE7E723C9F92400211DF4 /* NetworkManager.swift */; };
		AD1CE7F223CA040D00211DF4 /* PersistanceManager.swift in Sources */ = {isa = PBXBuildFile; fileRef = AD1CE7F123CA040D00211DF4 /* PersistanceManager.swift */; };
		CBE412607858E53CC46B5A5B /* Pods_NewsApp.framework in Frameworks */ = {isa = PBXBuildFile; fileRef = E4EC0BA14E607F66CC0875B8 /* Pods_NewsApp.framework */; };
/* End PBXBuildFile section */

/* Begin PBXFileReference section */
		69D7E5E538C4582F89FA5406 /* Pods-NewsApp.release.xcconfig */ = {isa = PBXFileReference; includeInIndex = 1; lastKnownFileType = text.xcconfig; name = "Pods-NewsApp.release.xcconfig"; path = "Target Support Files/Pods-NewsApp/Pods-NewsApp.release.xcconfig"; sourceTree = "<group>"; };
		AD1CE7CB23C9CE5E00211DF4 /* NewsApp.app */ = {isa = PBXFileReference; explicitFileType = wrapper.application; includeInIndex = 0; path = NewsApp.app; sourceTree = BUILT_PRODUCTS_DIR; };
		AD1CE7CE23C9CE5E00211DF4 /* AppDelegate.swift */ = {isa = PBXFileReference; lastKnownFileType = sourcecode.swift; path = AppDelegate.swift; sourceTree = "<group>"; };
		AD1CE7D023C9CE5E00211DF4 /* ViewController.swift */ = {isa = PBXFileReference; lastKnownFileType = sourcecode.swift; path = ViewController.swift; sourceTree = "<group>"; };
		AD1CE7D323C9CE5E00211DF4 /* Base */ = {isa = PBXFileReference; lastKnownFileType = file.storyboard; name = Base; path = Base.lproj/Main.storyboard; sourceTree = "<group>"; };
		AD1CE7D623C9CE5E00211DF4 /* NewsApp.xcdatamodel */ = {isa = PBXFileReference; lastKnownFileType = wrapper.xcdatamodel; path = NewsApp.xcdatamodel; sourceTree = "<group>"; };
		AD1CE7D823C9CE5E00211DF4 /* Assets.xcassets */ = {isa = PBXFileReference; lastKnownFileType = folder.assetcatalog; path = Assets.xcassets; sourceTree = "<group>"; };
		AD1CE7DD23C9CE5E00211DF4 /* Info.plist */ = {isa = PBXFileReference; lastKnownFileType = text.plist.xml; path = Info.plist; sourceTree = "<group>"; };
		AD1CE7E323C9D65500211DF4 /* NewsListTableViewController.swift */ = {isa = PBXFileReference; lastKnownFileType = sourcecode.swift; path = NewsListTableViewController.swift; sourceTree = "<group>"; };
		AD1CE7E523C9D6CE00211DF4 /* NewsTableViewCell.swift */ = {isa = PBXFileReference; lastKnownFileType = sourcecode.swift; path = NewsTableViewCell.swift; sourceTree = "<group>"; };
		AD1CE7E723C9F92400211DF4 /* NetworkManager.swift */ = {isa = PBXFileReference; lastKnownFileType = sourcecode.swift; path = NetworkManager.swift; sourceTree = "<group>"; };
		AD1CE7F123CA040D00211DF4 /* PersistanceManager.swift */ = {isa = PBXFileReference; lastKnownFileType = sourcecode.swift; path = PersistanceManager.swift; sourceTree = "<group>"; };
		E4EC0BA14E607F66CC0875B8 /* Pods_NewsApp.framework */ = {isa = PBXFileReference; explicitFileType = wrapper.framework; includeInIndex = 0; path = Pods_NewsApp.framework; sourceTree = BUILT_PRODUCTS_DIR; };
		E53FF5257DB988802F0ADF7E /* Pods-NewsApp.debug.xcconfig */ = {isa = PBXFileReference; includeInIndex = 1; lastKnownFileType = text.xcconfig; name = "Pods-NewsApp.debug.xcconfig"; path = "Target Support Files/Pods-NewsApp/Pods-NewsApp.debug.xcconfig"; sourceTree = "<group>"; };
/* End PBXFileReference section */

/* Begin PBXFrameworksBuildPhase section */
		AD1CE7C823C9CE5E00211DF4 /* Frameworks */ = {
			isa = PBXFrameworksBuildPhase;
			buildActionMask = 2147483647;
			files = (
				CBE412607858E53CC46B5A5B /* Pods_NewsApp.framework in Frameworks */,
			);
			runOnlyForDeploymentPostprocessing = 0;
		};
/* End PBXFrameworksBuildPhase section */

/* Begin PBXGroup section */
		1CB3E49CD3781472B73EA41C /* Frameworks */ = {
			isa = PBXGroup;
			children = (
				E4EC0BA14E607F66CC0875B8 /* Pods_NewsApp.framework */,
			);
			name = Frameworks;
			sourceTree = "<group>";
		};
		640B54F14CA623468E1BC775 /* Pods */ = {
			isa = PBXGroup;
			children = (
				E53FF5257DB988802F0ADF7E /* Pods-NewsApp.debug.xcconfig */,
				69D7E5E538C4582F89FA5406 /* Pods-NewsApp.release.xcconfig */,
			);
			path = Pods;
			sourceTree = "<group>";
		};
		AD1CE7C223C9CE5E00211DF4 = {
			isa = PBXGroup;
			children = (
				AD1CE7CD23C9CE5E00211DF4 /* NewsApp */,
				AD1CE7CC23C9CE5E00211DF4 /* Products */,
				640B54F14CA623468E1BC775 /* Pods */,
				1CB3E49CD3781472B73EA41C /* Frameworks */,
			);
			sourceTree = "<group>";
		};
		AD1CE7CC23C9CE5E00211DF4 /* Products */ = {
			isa = PBXGroup;
			children = (
				AD1CE7CB23C9CE5E00211DF4 /* NewsApp.app */,
			);
			name = Products;
			sourceTree = "<group>";
		};
		AD1CE7CD23C9CE5E00211DF4 /* NewsApp */ = {
			isa = PBXGroup;
			children = (
				AD1CE7CE23C9CE5E00211DF4 /* AppDelegate.swift */,
				AD1CE7EA23CA025000211DF4 /* NewsDetail */,
				AD1CE7E923CA023800211DF4 /* NewsList */,
				AD1CE7F023CA02D900211DF4 /* Network */,
				AD1CE7EB23CA028900211DF4 /* Model */,
				AD1CE7D223C9CE5E00211DF4 /* Main.storyboard */,
				AD1CE7D823C9CE5E00211DF4 /* Assets.xcassets */,
				AD1CE7DD23C9CE5E00211DF4 /* Info.plist */,
			);
			path = NewsApp;
			sourceTree = "<group>";
		};
		AD1CE7E923CA023800211DF4 /* NewsList */ = {
			isa = PBXGroup;
			children = (
				AD1CE7E323C9D65500211DF4 /* NewsListTableViewController.swift */,
				AD1CE7E523C9D6CE00211DF4 /* NewsTableViewCell.swift */,
			);
			path = NewsList;
			sourceTree = "<group>";
		};
		AD1CE7EA23CA025000211DF4 /* NewsDetail */ = {
			isa = PBXGroup;
			children = (
				AD1CE7D023C9CE5E00211DF4 /* ViewController.swift */,
			);
			path = NewsDetail;
			sourceTree = "<group>";
		};
		AD1CE7EB23CA028900211DF4 /* Model */ = {
			isa = PBXGroup;
			children = (
				AD1CE7D523C9CE5E00211DF4 /* Article.xcdatamodeld */,
				AD1CE7F123CA040D00211DF4 /* PersistanceManager.swift */,
			);
			path = Model;
			sourceTree = "<group>";
		};
		AD1CE7F023CA02D900211DF4 /* Network */ = {
			isa = PBXGroup;
			children = (
				AD1CE7E723C9F92400211DF4 /* NetworkManager.swift */,
			);
			path = Network;
			sourceTree = "<group>";
		};
/* End PBXGroup section */

/* Begin PBXNativeTarget section */
		AD1CE7CA23C9CE5E00211DF4 /* NewsApp */ = {
			isa = PBXNativeTarget;
			buildConfigurationList = AD1CE7E023C9CE5E00211DF4 /* Build configuration list for PBXNativeTarget "NewsApp" */;
			buildPhases = (
				498D295C7BF2EDC5A94669CD /* [CP] Check Pods Manifest.lock */,
				AD1CE7C723C9CE5E00211DF4 /* Sources */,
				AD1CE7C823C9CE5E00211DF4 /* Frameworks */,
				AD1CE7C923C9CE5E00211DF4 /* Resources */,
				991CA940A12737A4950CA920 /* [CP] Embed Pods Frameworks */,
			);
			buildRules = (
			);
			dependencies = (
			);
			name = NewsApp;
			productName = NewsApp;
			productReference = AD1CE7CB23C9CE5E00211DF4 /* NewsApp.app */;
			productType = "com.apple.product-type.application";
		};
/* End PBXNativeTarget section */

/* Begin PBXProject section */
		AD1CE7C323C9CE5E00211DF4 /* Project object */ = {
			isa = PBXProject;
			attributes = {
				LastSwiftUpdateCheck = 1030;
				LastUpgradeCheck = 1030;
				ORGANIZATIONNAME = "Ольга Бычок";
				TargetAttributes = {
					AD1CE7CA23C9CE5E00211DF4 = {
						CreatedOnToolsVersion = 10.3;
					};
				};
			};
			buildConfigurationList = AD1CE7C623C9CE5E00211DF4 /* Build configuration list for PBXProject "NewsApp" */;
			compatibilityVersion = "Xcode 9.3";
			developmentRegion = en;
			hasScannedForEncodings = 0;
			knownRegions = (
				en,
				Base,
			);
			mainGroup = AD1CE7C223C9CE5E00211DF4;
			productRefGroup = AD1CE7CC23C9CE5E00211DF4 /* Products */;
			projectDirPath = "";
			projectRoot = "";
			targets = (
				AD1CE7CA23C9CE5E00211DF4 /* NewsApp */,
			);
		};
/* End PBXProject section */

/* Begin PBXResourcesBuildPhase section */
		AD1CE7C923C9CE5E00211DF4 /* Resources */ = {
			isa = PBXResourcesBuildPhase;
			buildActionMask = 2147483647;
			files = (
				AD1CE7D923C9CE5E00211DF4 /* Assets.xcassets in Resources */,
				AD1CE7D423C9CE5E00211DF4 /* Main.storyboard in Resources */,
			);
			runOnlyForDeploymentPostprocessing = 0;
		};
/* End PBXResourcesBuildPhase section */

/* Begin PBXShellScriptBuildPhase section */
		498D295C7BF2EDC5A94669CD /* [CP] Check Pods Manifest.lock */ = {
			isa = PBXShellScriptBuildPhase;
			buildActionMask = 2147483647;
			files = (
			);
			inputFileListPaths = (
			);
			inputPaths = (
				"${PODS_PODFILE_DIR_PATH}/Podfile.lock",
				"${PODS_ROOT}/Manifest.lock",
			);
			name = "[CP] Check Pods Manifest.lock";
			outputFileListPaths = (
			);
			outputPaths = (
				"$(DERIVED_FILE_DIR)/Pods-NewsApp-checkManifestLockResult.txt",
			);
			runOnlyForDeploymentPostprocessing = 0;
			shellPath = /bin/sh;
			shellScript = "diff \"${PODS_PODFILE_DIR_PATH}/Podfile.lock\" \"${PODS_ROOT}/Manifest.lock\" > /dev/null\nif [ $? != 0 ] ; then\n    # print error to STDERR\n    echo \"error: The sandbox is not in sync with the Podfile.lock. Run 'pod install' or update your CocoaPods installation.\" >&2\n    exit 1\nfi\n# This output is used by Xcode 'outputs' to avoid re-running this script phase.\necho \"SUCCESS\" > \"${SCRIPT_OUTPUT_FILE_0}\"\n";
			showEnvVarsInLog = 0;
		};
		991CA940A12737A4950CA920 /* [CP] Embed Pods Frameworks */ = {
			isa = PBXShellScriptBuildPhase;
			buildActionMask = 2147483647;
			files = (
			);
			inputFileListPaths = (
				"${PODS_ROOT}/Target Support Files/Pods-NewsApp/Pods-NewsApp-frameworks-${CONFIGURATION}-input-files.xcfilelist",
			);
			name = "[CP] Embed Pods Frameworks";
			outputFileListPaths = (
				"${PODS_ROOT}/Target Support Files/Pods-NewsApp/Pods-NewsApp-frameworks-${CONFIGURATION}-output-files.xcfilelist",
			);
			runOnlyForDeploymentPostprocessing = 0;
			shellPath = /bin/sh;
			shellScript = "\"${PODS_ROOT}/Target Support Files/Pods-NewsApp/Pods-NewsApp-frameworks.sh\"\n";
			showEnvVarsInLog = 0;
		};
/* End PBXShellScriptBuildPhase section */

/* Begin PBXSourcesBuildPhase section */
		AD1CE7C723C9CE5E00211DF4 /* Sources */ = {
			isa = PBXSourcesBuildPhase;
			buildActionMask = 2147483647;
			files = (
				AD1CE7E823C9F92400211DF4 /* NetworkManager.swift in Sources */,
				AD1CE7E423C9D65500211DF4 /* NewsListTableViewController.swift in Sources */,
				AD1CE7D123C9CE5E00211DF4 /* ViewController.swift in Sources */,
				AD1CE7F223CA040D00211DF4 /* PersistanceManager.swift in Sources */,
				AD1CE7E623C9D6CE00211DF4 /* NewsTableViewCell.swift in Sources */,
				AD1CE7CF23C9CE5E00211DF4 /* AppDelegate.swift in Sources */,
				AD1CE7D723C9CE5E00211DF4 /* Article.xcdatamodeld in Sources */,
			);
			runOnlyForDeploymentPostprocessing = 0;
		};
/* End PBXSourcesBuildPhase section */

/* Begin PBXVariantGroup section */
		AD1CE7D223C9CE5E00211DF4 /* Main.storyboard */ = {
			isa = PBXVariantGroup;
			children = (
				AD1CE7D323C9CE5E00211DF4 /* Base */,
			);
			name = Main.storyboard;
			sourceTree = "<group>";
		};
/* End PBXVariantGroup section */

/* Begin XCBuildConfiguration section */
		AD1CE7DE23C9CE5E00211DF4 /* Debug */ = {
			isa = XCBuildConfiguration;
			buildSettings = {
				ALWAYS_SEARCH_USER_PATHS = NO;
				CLANG_ANALYZER_NONNULL = YES;
				CLANG_ANALYZER_NUMBER_OBJECT_CONVERSION = YES_AGGRESSIVE;
				CLANG_CXX_LANGUAGE_STANDARD = "gnu++14";
				CLANG_CXX_LIBRARY = "libc++";
				CLANG_ENABLE_MODULES = YES;
				CLANG_ENABLE_OBJC_ARC = YES;
				CLANG_ENABLE_OBJC_WEAK = YES;
				CLANG_WARN_BLOCK_CAPTURE_AUTORELEASING = YES;
				CLANG_WARN_BOOL_CONVERSION = YES;
				CLANG_WARN_COMMA = YES;
				CLANG_WARN_CONSTANT_CONVERSION = YES;
				CLANG_WARN_DEPRECATED_OBJC_IMPLEMENTATIONS = YES;
				CLANG_WARN_DIRECT_OBJC_ISA_USAGE = YES_ERROR;
				CLANG_WARN_DOCUMENTATION_COMMENTS = YES;
				CLANG_WARN_EMPTY_BODY = YES;
				CLANG_WARN_ENUM_CONVERSION = YES;
				CLANG_WARN_INFINITE_RECURSION = YES;
				CLANG_WARN_INT_CONVERSION = YES;
				CLANG_WARN_NON_LITERAL_NULL_CONVERSION = YES;
				CLANG_WARN_OBJC_IMPLICIT_RETAIN_SELF = YES;
				CLANG_WARN_OBJC_LITERAL_CONVERSION = YES;
				CLANG_WARN_OBJC_ROOT_CLASS = YES_ERROR;
				CLANG_WARN_RANGE_LOOP_ANALYSIS = YES;
				CLANG_WARN_STRICT_PROTOTYPES = YES;
				CLANG_WARN_SUSPICIOUS_MOVE = YES;
				CLANG_WARN_UNGUARDED_AVAILABILITY = YES_AGGRESSIVE;
				CLANG_WARN_UNREACHABLE_CODE = YES;
				CLANG_WARN__DUPLICATE_METHOD_MATCH = YES;
				CODE_SIGN_IDENTITY = "iPhone Developer";
				COPY_PHASE_STRIP = NO;
				DEBUG_INFORMATION_FORMAT = dwarf;
				ENABLE_STRICT_OBJC_MSGSEND = YES;
				ENABLE_TESTABILITY = YES;
				GCC_C_LANGUAGE_STANDARD = gnu11;
				GCC_DYNAMIC_NO_PIC = NO;
				GCC_NO_COMMON_BLOCKS = YES;
				GCC_OPTIMIZATION_LEVEL = 0;
				GCC_PREPROCESSOR_DEFINITIONS = (
					"DEBUG=1",
					"$(inherited)",
				);
				GCC_WARN_64_TO_32_BIT_CONVERSION = YES;
				GCC_WARN_ABOUT_RETURN_TYPE = YES_ERROR;
				GCC_WARN_UNDECLARED_SELECTOR = YES;
				GCC_WARN_UNINITIALIZED_AUTOS = YES_AGGRESSIVE;
				GCC_WARN_UNUSED_FUNCTION = YES;
				GCC_WARN_UNUSED_VARIABLE = YES;
				IPHONEOS_DEPLOYMENT_TARGET = 12.4;
				MTL_ENABLE_DEBUG_INFO = INCLUDE_SOURCE;
				MTL_FAST_MATH = YES;
				ONLY_ACTIVE_ARCH = YES;
				SDKROOT = iphoneos;
				SWIFT_ACTIVE_COMPILATION_CONDITIONS = DEBUG;
				SWIFT_OPTIMIZATION_LEVEL = "-Onone";
			};
			name = Debug;
		};
		AD1CE7DF23C9CE5E00211DF4 /* Release */ = {
			isa = XCBuildConfiguration;
			buildSettings = {
				ALWAYS_SEARCH_USER_PATHS = NO;
				CLANG_ANALYZER_NONNULL = YES;
				CLANG_ANALYZER_NUMBER_OBJECT_CONVERSION = YES_AGGRESSIVE;
				CLANG_CXX_LANGUAGE_STANDARD = "gnu++14";
				CLANG_CXX_LIBRARY = "libc++";
				CLANG_ENABLE_MODULES = YES;
				CLANG_ENABLE_OBJC_ARC = YES;
				CLANG_ENABLE_OBJC_WEAK = YES;
				CLANG_WARN_BLOCK_CAPTURE_AUTORELEASING = YES;
				CLANG_WARN_BOOL_CONVERSION = YES;
				CLANG_WARN_COMMA = YES;
				CLANG_WARN_CONSTANT_CONVERSION = YES;
				CLANG_WARN_DEPRECATED_OBJC_IMPLEMENTATIONS = YES;
				CLANG_WARN_DIRECT_OBJC_ISA_USAGE = YES_ERROR;
				CLANG_WARN_DOCUMENTATION_COMMENTS = YES;
				CLANG_WARN_EMPTY_BODY = YES;
				CLANG_WARN_ENUM_CONVERSION = YES;
				CLANG_WARN_INFINITE_RECURSION = YES;
				CLANG_WARN_INT_CONVERSION = YES;
				CLANG_WARN_NON_LITERAL_NULL_CONVERSION = YES;
				CLANG_WARN_OBJC_IMPLICIT_RETAIN_SELF = YES;
				CLANG_WARN_OBJC_LITERAL_CONVERSION = YES;
				CLANG_WARN_OBJC_ROOT_CLASS = YES_ERROR;
				CLANG_WARN_RANGE_LOOP_ANALYSIS = YES;
				CLANG_WARN_STRICT_PROTOTYPES = YES;
				CLANG_WARN_SUSPICIOUS_MOVE = YES;
				CLANG_WARN_UNGUARDED_AVAILABILITY = YES_AGGRESSIVE;
				CLANG_WARN_UNREACHABLE_CODE = YES;
				CLANG_WARN__DUPLICATE_METHOD_MATCH = YES;
				CODE_SIGN_IDENTITY = "iPhone Developer";
				COPY_PHASE_STRIP = NO;
				DEBUG_INFORMATION_FORMAT = "dwarf-with-dsym";
				ENABLE_NS_ASSERTIONS = NO;
				ENABLE_STRICT_OBJC_MSGSEND = YES;
				GCC_C_LANGUAGE_STANDARD = gnu11;
				GCC_NO_COMMON_BLOCKS = YES;
				GCC_WARN_64_TO_32_BIT_CONVERSION = YES;
				GCC_WARN_ABOUT_RETURN_TYPE = YES_ERROR;
				GCC_WARN_UNDECLARED_SELECTOR = YES;
				GCC_WARN_UNINITIALIZED_AUTOS = YES_AGGRESSIVE;
				GCC_WARN_UNUSED_FUNCTION = YES;
				GCC_WARN_UNUSED_VARIABLE = YES;
				IPHONEOS_DEPLOYMENT_TARGET = 12.4;
				MTL_ENABLE_DEBUG_INFO = NO;
				MTL_FAST_MATH = YES;
				SDKROOT = iphoneos;
				SWIFT_COMPILATION_MODE = wholemodule;
				SWIFT_OPTIMIZATION_LEVEL = "-O";
				VALIDATE_PRODUCT = YES;
			};
			name = Release;
		};
		AD1CE7E123C9CE5E00211DF4 /* Debug */ = {
			isa = XCBuildConfiguration;
			baseConfigurationReference = E53FF5257DB988802F0ADF7E /* Pods-NewsApp.debug.xcconfig */;
			buildSettings = {
				ASSETCATALOG_COMPILER_APPICON_NAME = AppIcon;
				CODE_SIGN_STYLE = Automatic;
				DEVELOPMENT_TEAM = 4886K9NC82;
				INFOPLIST_FILE = NewsApp/Info.plist;
				LD_RUNPATH_SEARCH_PATHS = (
					"$(inherited)",
					"@executable_path/Frameworks",
				);
				PRODUCT_BUNDLE_IDENTIFIER = by.bychok.NewsApp;
				PRODUCT_NAME = "$(TARGET_NAME)";
				SWIFT_VERSION = 5.0;
				TARGETED_DEVICE_FAMILY = "1,2";
			};
			name = Debug;
		};
		AD1CE7E223C9CE5E00211DF4 /* Release */ = {
			isa = XCBuildConfiguration;
			baseConfigurationReference = 69D7E5E538C4582F89FA5406 /* Pods-NewsApp.release.xcconfig */;
			buildSettings = {
				ASSETCATALOG_COMPILER_APPICON_NAME = AppIcon;
				CODE_SIGN_STYLE = Automatic;
				DEVELOPMENT_TEAM = 4886K9NC82;
				INFOPLIST_FILE = NewsApp/Info.plist;
				LD_RUNPATH_SEARCH_PATHS = (
					"$(inherited)",
					"@executable_path/Frameworks",
				);
				PRODUCT_BUNDLE_IDENTIFIER = by.bychok.NewsApp;
				PRODUCT_NAME = "$(TARGET_NAME)";
				SWIFT_VERSION = 5.0;
				TARGETED_DEVICE_FAMILY = "1,2";
			};
			name = Release;
		};
/* End XCBuildConfiguration section */

/* Begin XCConfigurationList section */
		AD1CE7C623C9CE5E00211DF4 /* Build configuration list for PBXProject "NewsApp" */ = {
			isa = XCConfigurationList;
			buildConfigurations = (
				AD1CE7DE23C9CE5E00211DF4 /* Debug */,
				AD1CE7DF23C9CE5E00211DF4 /* Release */,
			);
			defaultConfigurationIsVisible = 0;
			defaultConfigurationName = Release;
		};
		AD1CE7E023C9CE5E00211DF4 /* Build configuration list for PBXNativeTarget "NewsApp" */ = {
			isa = XCConfigurationList;
			buildConfigurations = (
				AD1CE7E123C9CE5E00211DF4 /* Debug */,
				AD1CE7E223C9CE5E00211DF4 /* Release */,
			);
			defaultConfigurationIsVisible = 0;
			defaultConfigurationName = Release;
		};
/* End XCConfigurationList section */

/* Begin XCVersionGroup section */
		AD1CE7D523C9CE5E00211DF4 /* Article.xcdatamodeld */ = {
			isa = XCVersionGroup;
			children = (
				AD1CE7D623C9CE5E00211DF4 /* NewsApp.xcdatamodel */,
			);
			currentVersion = AD1CE7D623C9CE5E00211DF4 /* NewsApp.xcdatamodel */;
			path = Article.xcdatamodeld;
			sourceTree = "<group>";
			versionGroupType = wrapper.xcdatamodel;
		};
/* End XCVersionGroup section */
	};
	rootObject = AD1CE7C323C9CE5E00211DF4 /* Project object */;
}
